
Microsoft Visual Studio Solution File, Format Version 12.00
# Visual Studio Version 17
VisualStudioVersion = 17.3.32825.248
MinimumVisualStudioVersion = 10.0.40219.1
Project("{FAE04EC0-301F-11D3-BF4B-00C04F79EFBC}") = "TreeSharp.ex", "TreeSharp.ex\TreeSharp.ex.csproj", "{04D60D6F-FCAF-4A28-AEA7-E59B8939D675}"
EndProject
Global
	GlobalSection(SolutionConfigurationPlatforms) = preSolution
		Debug|Any CPU = Debug|Any CPU
		Release|Any CPU = Release|Any CPU
	EndGlobalSection
	GlobalSection(ProjectConfigurationPlatforms) = postSolution
		{04D60D6F-FCAF-4A28-AEA7-E59B8939D675}.Debug|Any CPU.ActiveCfg = Debug|Any CPU
		{04D60D6F-FCAF-4A28-AEA7-E59B8939D675}.Debug|Any CPU.Build.0 = Debug|Any CPU
		{04D60D6F-FCAF-4A28-AEA7-E59B8939D675}.Release|Any CPU.ActiveCfg = Release|Any CPU
		{04D60D6F-FCAF-4A28-AEA7-E59B8939D675}.Release|Any CPU.Build.0 = Release|Any CPU
	EndGlobalSection
	GlobalSection(SolutionProperties) = preSolution
		HideSolutionNode = FALSE
	EndGlobalSection
	GlobalSection(ExtensibilityGlobals) = postSolution
		SolutionGuid = {8A3B4442-DD2D-40B8-88B2-D71C20A4EE7F}
	EndGlobalSection
EndGlobal
